// !$*UTF8*$!
{
	archiveVersion = 1;
	classes = {
	};
	objectVersion = 46;
	objects = {

/* Begin PBXBuildFile section */
		D61512791D9BCD3A0076C2F5 /* main.m in Sources */ = {isa = PBXBuildFile; fileRef = D61512781D9BCD3A0076C2F5 /* main.m */; };
		D615127C1D9BCD3A0076C2F5 /* AppDelegate.m in Sources */ = {isa = PBXBuildFile; fileRef = D615127B1D9BCD3A0076C2F5 /* AppDelegate.m */; };
		D615127F1D9BCD3A0076C2F5 /* ViewController.m in Sources */ = {isa = PBXBuildFile; fileRef = D615127E1D9BCD3A0076C2F5 /* ViewController.m */; settings = {COMPILER_FLAGS = "-fno-objc-arc"; }; };
		D61512821D9BCD3A0076C2F5 /* Main.storyboard in Resources */ = {isa = PBXBuildFile; fileRef = D61512801D9BCD3A0076C2F5 /* Main.storyboard */; };
		D61512841D9BCD3A0076C2F5 /* Assets.xcassets in Resources */ = {isa = PBXBuildFile; fileRef = D61512831D9BCD3A0076C2F5 /* Assets.xcassets */; };
		D61512871D9BCD3A0076C2F5 /* LaunchScreen.storyboard in Resources */ = {isa = PBXBuildFile; fileRef = D61512851D9BCD3A0076C2F5 /* LaunchScreen.storyboard */; };
/* End PBXBuildFile section */

/* Begin PBXFileReference section */
		D61512741D9BCD3A0076C2F5 /* Dizainier.app */ = {isa = PBXFileReference; explicitFileType = wrapper.application; includeInIndex = 0; path = Dizainier.app; sourceTree = BUILT_PRODUCTS_DIR; };
		D61512781D9BCD3A0076C2F5 /* main.m */ = {isa = PBXFileReference; lastKnownFileType = sourcecode.c.objc; path = main.m; sourceTree = "<group>"; };
		D615127A1D9BCD3A0076C2F5 /* AppDelegate.h */ = {isa = PBXFileReference; lastKnownFileType = sourcecode.c.h; path = AppDelegate.h; sourceTree = "<group>"; };
		D615127B1D9BCD3A0076C2F5 /* AppDelegate.m */ = {isa = PBXFileReference; lastKnownFileType = sourcecode.c.objc; path = AppDelegate.m; sourceTree = "<group>"; };
		D615127D1D9BCD3A0076C2F5 /* ViewController.h */ = {isa = PBXFileReference; lastKnownFileType = sourcecode.c.h; path = ViewController.h; sourceTree = "<group>"; };
		D615127E1D9BCD3A0076C2F5 /* ViewController.m */ = {isa = PBXFileReference; lastKnownFileType = sourcecode.c.objc; path = ViewController.m; sourceTree = "<group>"; };
		D61512811D9BCD3A0076C2F5 /* Base */ = {isa = PBXFileReference; lastKnownFileType = file.storyboard; name = Base; path = Base.lproj/Main.storyboard; sourceTree = "<group>"; };
		D61512831D9BCD3A0076C2F5 /* Assets.xcassets */ = {isa = PBXFileReference; lastKnownFileType = folder.assetcatalog; path = Assets.xcassets; sourceTree = "<group>"; };
		D61512861D9BCD3A0076C2F5 /* Base */ = {isa = PBXFileReference; lastKnownFileType = file.storyboard; name = Base; path = Base.lproj/LaunchScreen.storyboard; sourceTree = "<group>"; };
		D61512881D9BCD3A0076C2F5 /* Info.plist */ = {isa = PBXFileReference; lastKnownFileType = text.plist.xml; path = Info.plist; sourceTree = "<group>"; };
/* End PBXFileReference section */

/* Begin PBXFrameworksBuildPhase section */
		D61512711D9BCD3A0076C2F5 /* Frameworks */ = {
			isa = PBXFrameworksBuildPhase;
			buildActionMask = 2147483647;
			files = (
			);
			runOnlyForDeploymentPostprocessing = 0;
		};
/* End PBXFrameworksBuildPhase section */

/* Begin PBXGroup section */
		D615126B1D9BCD3A0076C2F5 = {
			isa = PBXGroup;
			children = (
				D61512761D9BCD3A0076C2F5 /* Dizainier */,
				D61512751D9BCD3A0076C2F5 /* Products */,
			);
			sourceTree = "<group>";
		};
		D61512751D9BCD3A0076C2F5 /* Products */ = {
			isa = PBXGroup;
			children = (
				D61512741D9BCD3A0076C2F5 /* Dizainier.app */,
			);
			name = Products;
			sourceTree = "<group>";
		};
		D61512761D9BCD3A0076C2F5 /* Dizainier */ = {
			isa = PBXGroup;
			children = (
				D615127A1D9BCD3A0076C2F5 /* AppDelegate.h */,
				D615127B1D9BCD3A0076C2F5 /* AppDelegate.m */,
				D615127D1D9BCD3A0076C2F5 /* ViewController.h */,
				D615127E1D9BCD3A0076C2F5 /* ViewController.m */,
				D61512801D9BCD3A0076C2F5 /* Main.storyboard */,
				D61512831D9BCD3A0076C2F5 /* Assets.xcassets */,
				D61512851D9BCD3A0076C2F5 /* LaunchScreen.storyboard */,
				D61512881D9BCD3A0076C2F5 /* Info.plist */,
				D61512771D9BCD3A0076C2F5 /* Supporting Files */,
			);
			path = Dizainier;
			sourceTree = "<group>";
		};
		D61512771D9BCD3A0076C2F5 /* Supporting Files */ = {
			isa = PBXGroup;
			children = (
				D61512781D9BCD3A0076C2F5 /* main.m */,
			);
			name = "Supporting Files";
			sourceTree = "<group>";
		};
/* End PBXGroup section */

/* Begin PBXNativeTarget section */
		D61512731D9BCD3A0076C2F5 /* Dizainier */ = {
			isa = PBXNativeTarget;
			buildConfigurationList = D615128B1D9BCD3A0076C2F5 /* Build configuration list for PBXNativeTarget "Dizainier" */;
			buildPhases = (
				D61512701D9BCD3A0076C2F5 /* Sources */,
				D61512711D9BCD3A0076C2F5 /* Frameworks */,
				D61512721D9BCD3A0076C2F5 /* Resources */,
			);
			buildRules = (
			);
			dependencies = (
			);
			name = Dizainier;
			productName = Dizainier;
			productReference = D61512741D9BCD3A0076C2F5 /* Dizainier.app */;
			productType = "com.apple.product-type.application";
		};
/* End PBXNativeTarget section */

/* Begin PBXProject section */
		D615126C1D9BCD3A0076C2F5 /* Project object */ = {
			isa = PBXProject;
			attributes = {
				LastUpgradeCheck = 0800;
				ORGANIZATIONNAME = UPMC;
				TargetAttributes = {
					D61512731D9BCD3A0076C2F5 = {
						CreatedOnToolsVersion = 8.0;
						DevelopmentTeam = L99GSY552M;
						ProvisioningStyle = Automatic;
					};
				};
			};
			buildConfigurationList = D615126F1D9BCD3A0076C2F5 /* Build configuration list for PBXProject "Dizainier" */;
			compatibilityVersion = "Xcode 3.2";
			developmentRegion = English;
			hasScannedForEncodings = 0;
			knownRegions = (
				en,
				Base,
			);
			mainGroup = D615126B1D9BCD3A0076C2F5;
			productRefGroup = D61512751D9BCD3A0076C2F5 /* Products */;
			projectDirPath = "";
			projectRoot = "";
			targets = (
				D61512731D9BCD3A0076C2F5 /* Dizainier */,
			);
		};
/* End PBXProject section */

/* Begin PBXResourcesBuildPhase section */
		D61512721D9BCD3A0076C2F5 /* Resources */ = {
			isa = PBXResourcesBuildPhase;
			buildActionMask = 2147483647;
			files = (
				D61512871D9BCD3A0076C2F5 /* LaunchScreen.storyboard in Resources */,
				D61512841D9BCD3A0076C2F5 /* Assets.xcassets in Resources */,
				D61512821D9BCD3A0076C2F5 /* Main.storyboard in Resources */,
			);
			runOnlyForDeploymentPostprocessing = 0;
		};
/* End PBXResourcesBuildPhase section */

/* Begin PBXSourcesBuildPhase section */
		D61512701D9BCD3A0076C2F5 /* Sources */ = {
			isa = PBXSourcesBuildPhase;
			buildActionMask = 2147483647;
			files = (
				D615127F1D9BCD3A0076C2F5 /* ViewController.m in Sources */,
				D615127C1D9BCD3A0076C2F5 /* AppDelegate.m in Sources */,
				D61512791D9BCD3A0076C2F5 /* main.m in Sources */,
			);
			runOnlyForDeploymentPostprocessing = 0;
		};
/* End PBXSourcesBuildPhase section */

/* Begin PBXVariantGroup section */
		D61512801D9BCD3A0076C2F5 /* Main.storyboard */ = {
			isa = PBXVariantGroup;
			children = (
				D61512811D9BCD3A0076C2F5 /* Base */,
			);
			name = Main.storyboard;
			sourceTree = "<group>";
		};
		D61512851D9BCD3A0076C2F5 /* LaunchScreen.storyboard */ = {
			isa = PBXVariantGroup;
			children = (
				D61512861D9BCD3A0076C2F5 /* Base */,
			);
			name = LaunchScreen.storyboard;
			sourceTree = "<group>";
		};
/* End PBXVariantGroup section */

/* Begin XCBuildConfiguration section */
		D61512891D9BCD3A0076C2F5 /* Debug */ = {
			isa = XCBuildConfiguration;
			buildSettings = {
				ALWAYS_SEARCH_USER_PATHS = NO;
				CLANG_ANALYZER_NONNULL = YES;
				CLANG_CXX_LANGUAGE_STANDARD = "gnu++0x";
				CLANG_CXX_LIBRARY = "libc++";
				CLANG_ENABLE_MODULES = YES;
				CLANG_ENABLE_OBJC_ARC = YES;
				CLANG_WARN_BOOL_CONVERSION = YES;
				CLANG_WARN_CONSTANT_CONVERSION = YES;
				CLANG_WARN_DIRECT_OBJC_ISA_USAGE = YES_ERROR;
				CLANG_WARN_DOCUMENTATION_COMMENTS = YES;
				CLANG_WARN_EMPTY_BODY = YES;
				CLANG_WARN_ENUM_CONVERSION = YES;
				CLANG_WARN_INFINITE_RECURSION = YES;
				CLANG_WARN_INT_CONVERSION = YES;
				CLANG_WARN_OBJC_ROOT_CLASS = YES_ERROR;
				CLANG_WARN_SUSPICIOUS_MOVES = YES;
				CLANG_WARN_UNREACHABLE_CODE = YES;
				CLANG_WARN__DUPLICATE_METHOD_MATCH = YES;
				"CODE_SIGN_IDENTITY[sdk=iphoneos*]" = "iPhone Developer";
				COPY_PHASE_STRIP = NO;
				DEBUG_INFORMATION_FORMAT = dwarf;
				ENABLE_STRICT_OBJC_MSGSEND = YES;
				ENABLE_TESTABILITY = YES;
				GCC_C_LANGUAGE_STANDARD = gnu99;
				GCC_DYNAMIC_NO_PIC = NO;
				GCC_NO_COMMON_BLOCKS = YES;
				GCC_OPTIMIZATION_LEVEL = 0;
				GCC_PREPROCESSOR_DEFINITIONS = (
					"DEBUG=1",
					"$(inherited)",
				);
				GCC_WARN_64_TO_32_BIT_CONVERSION = YES;
				GCC_WARN_ABOUT_RETURN_TYPE = YES_ERROR;
				GCC_WARN_UNDECLARED_SELECTOR = YES;
				GCC_WARN_UNINITIALIZED_AUTOS = YES_AGGRESSIVE;
				GCC_WARN_UNUSED_FUNCTION = YES;
				GCC_WARN_UNUSED_VARIABLE = YES;
				IPHONEOS_DEPLOYMENT_TARGET = 10.0;
				MTL_ENABLE_DEBUG_INFO = YES;
				ONLY_ACTIVE_ARCH = YES;
				SDKROOT = iphoneos;
				TARGETED_DEVICE_FAMILY = "1,2";
			};
			name = Debug;
		};
		D615128A1D9BCD3A0076C2F5 /* Release */ = {
			isa = XCBuildConfiguration;
			buildSettings = {
				ALWAYS_SEARCH_USER_PATHS = NO;
				CLANG_ANALYZER_NONNULL = YES;
				CLANG_CXX_LANGUAGE_STANDARD = "gnu++0x";
				CLANG_CXX_LIBRARY = "libc++";
				CLANG_ENABLE_MODULES = YES;
				CLANG_ENABLE_OBJC_ARC = YES;
				CLANG_WARN_BOOL_CONVERSION = YES;
				CLANG_WARN_CONSTANT_CONVERSION = YES;
				CLANG_WARN_DIRECT_OBJC_ISA_USAGE = YES_ERROR;
				CLANG_WARN_DOCUMENTATION_COMMENTS = YES;
				CLANG_WARN_EMPTY_BODY = YES;
				CLANG_WARN_ENUM_CONVERSION = YES;
				CLANG_WARN_INFINITE_RECURSION = YES;
				CLANG_WARN_INT_CONVERSION = YES;
				CLANG_WARN_OBJC_ROOT_CLASS = YES_ERROR;
				CLANG_WARN_SUSPICIOUS_MOVES = YES;
				CLANG_WARN_UNREACHABLE_CODE = YES;
				CLANG_WARN__DUPLICATE_METHOD_MATCH = YES;
				"CODE_SIGN_IDENTITY[sdk=iphoneos*]" = "iPhone Developer";
				COPY_PHASE_STRIP = NO;
				DEBUG_INFORMATION_FORMAT = "dwarf-with-dsym";
				ENABLE_NS_ASSERTIONS = NO;
				ENABLE_STRICT_OBJC_MSGSEND = YES;
				GCC_C_LANGUAGE_STANDARD = gnu99;
				GCC_NO_COMMON_BLOCKS = YES;
				GCC_WARN_64_TO_32_BIT_CONVERSION = YES;
				GCC_WARN_ABOUT_RETURN_TYPE = YES_ERROR;
				GCC_WARN_UNDECLARED_SELECTOR = YES;
				GCC_WARN_UNINITIALIZED_AUTOS = YES_AGGRESSIVE;
				GCC_WARN_UNUSED_FUNCTION = YES;
				GCC_WARN_UNUSED_VARIABLE = YES;
				IPHONEOS_DEPLOYMENT_TARGET = 10.0;
				MTL_ENABLE_DEBUG_INFO = NO;
				SDKROOT = iphoneos;
				TARGETED_DEVICE_FAMILY = "1,2";
				VALIDATE_PRODUCT = YES;
			};
			name = Release;
		};
		D615128C1D9BCD3A0076C2F5 /* Debug */ = {
			isa = XCBuildConfiguration;
			buildSettings = {
				ASSETCATALOG_COMPILER_APPICON_NAME = AppIcon;
				DEVELOPMENT_TEAM = L99GSY552M;
				INFOPLIST_FILE = Dizainier/Info.plist;
				LD_RUNPATH_SEARCH_PATHS = "$(inherited) @executable_path/Frameworks";
				PRODUCT_BUNDLE_IDENTIFIER = fr.upmc.sar.Dizainier;
				PRODUCT_NAME = "$(TARGET_NAME)";
			};
			name = Debug;
		};
		D615128D1D9BCD3A0076C2F5 /* Release */ = {
			isa = XCBuildConfiguration;
			buildSettings = {
				ASSETCATALOG_COMPILER_APPICON_NAME = AppIcon;
				DEVELOPMENT_TEAM = L99GSY552M;
				INFOPLIST_FILE = Dizainier/Info.plist;
				LD_RUNPATH_SEARCH_PATHS = "$(inherited) @executable_path/Frameworks";
				PRODUCT_BUNDLE_IDENTIFIER = fr.upmc.sar.Dizainier;
				PRODUCT_NAME = "$(TARGET_NAME)";
			};
			name = Release;
		};
/* End XCBuildConfiguration section */

/* Begin XCConfigurationList section */
		D615126F1D9BCD3A0076C2F5 /* Build configuration list for PBXProject "Dizainier" */ = {
			isa = XCConfigurationList;
			buildConfigurations = (
				D61512891D9BCD3A0076C2F5 /* Debug */,
				D615128A1D9BCD3A0076C2F5 /* Release */,
			);
			defaultConfigurationIsVisible = 0;
			defaultConfigurationName = Release;
		};
		D615128B1D9BCD3A0076C2F5 /* Build configuration list for PBXNativeTarget "Dizainier" */ = {
			isa = XCConfigurationList;
			buildConfigurations = (
				D615128C1D9BCD3A0076C2F5 /* Debug */,
				D615128D1D9BCD3A0076C2F5 /* Release */,
			);
			defaultConfigurationIsVisible = 0;
			defaultConfigurationName = Release;
		};
/* End XCConfigurationList section */
	};
	rootObject = D615126C1D9BCD3A0076C2F5 /* Project object */;
}
