// !$*UTF8*$!
{
	archiveVersion = 1;
	classes = {
	};
	objectVersion = 46;
	objects = {

/* Begin PBXBuildFile section */
		D6C1D9381DA6B78A00A5FF03 /* AppDelegate.swift in Sources */ = {isa = PBXBuildFile; fileRef = D6C1D9371DA6B78A00A5FF03 /* AppDelegate.swift */; };
		D6C1D93A1DA6B78A00A5FF03 /* ViewController.swift in Sources */ = {isa = PBXBuildFile; fileRef = D6C1D9391DA6B78A00A5FF03 /* ViewController.swift */; };
		D6C1D93D1DA6B78A00A5FF03 /* Main.storyboard in Resources */ = {isa = PBXBuildFile; fileRef = D6C1D93B1DA6B78A00A5FF03 /* Main.storyboard */; };
		D6C1D93F1DA6B78A00A5FF03 /* Assets.xcassets in Resources */ = {isa = PBXBuildFile; fileRef = D6C1D93E1DA6B78A00A5FF03 /* Assets.xcassets */; };
		D6C1D9421DA6B78A00A5FF03 /* LaunchScreen.storyboard in Resources */ = {isa = PBXBuildFile; fileRef = D6C1D9401DA6B78A00A5FF03 /* LaunchScreen.storyboard */; };
		D6DD53CD1DA78AD200135606 /* Quizz.swift in Sources */ = {isa = PBXBuildFile; fileRef = D6DD53CC1DA78AD200135606 /* Quizz.swift */; };
/* End PBXBuildFile section */

/* Begin PBXFileReference section */
		D6C1D9341DA6B78A00A5FF03 /* Quizz.app */ = {isa = PBXFileReference; explicitFileType = wrapper.application; includeInIndex = 0; path = Quizz.app; sourceTree = BUILT_PRODUCTS_DIR; };
		D6C1D9371DA6B78A00A5FF03 /* AppDelegate.swift */ = {isa = PBXFileReference; lastKnownFileType = sourcecode.swift; path = AppDelegate.swift; sourceTree = "<group>"; };
		D6C1D9391DA6B78A00A5FF03 /* ViewController.swift */ = {isa = PBXFileReference; lastKnownFileType = sourcecode.swift; path = ViewController.swift; sourceTree = "<group>"; };
		D6C1D93C1DA6B78A00A5FF03 /* Base */ = {isa = PBXFileReference; lastKnownFileType = file.storyboard; name = Base; path = Base.lproj/Main.storyboard; sourceTree = "<group>"; };
		D6C1D93E1DA6B78A00A5FF03 /* Assets.xcassets */ = {isa = PBXFileReference; lastKnownFileType = folder.assetcatalog; path = Assets.xcassets; sourceTree = "<group>"; };
		D6C1D9411DA6B78A00A5FF03 /* Base */ = {isa = PBXFileReference; lastKnownFileType = file.storyboard; name = Base; path = Base.lproj/LaunchScreen.storyboard; sourceTree = "<group>"; };
		D6C1D9431DA6B78A00A5FF03 /* Info.plist */ = {isa = PBXFileReference; lastKnownFileType = text.plist.xml; path = Info.plist; sourceTree = "<group>"; };
		D6DD53CC1DA78AD200135606 /* Quizz.swift */ = {isa = PBXFileReference; fileEncoding = 4; lastKnownFileType = sourcecode.swift; path = Quizz.swift; sourceTree = "<group>"; };
/* End PBXFileReference section */

/* Begin PBXFrameworksBuildPhase section */
		D6C1D9311DA6B78900A5FF03 /* Frameworks */ = {
			isa = PBXFrameworksBuildPhase;
			buildActionMask = 2147483647;
			files = (
			);
			runOnlyForDeploymentPostprocessing = 0;
		};
/* End PBXFrameworksBuildPhase section */

/* Begin PBXGroup section */
		D6C1D92B1DA6B78900A5FF03 = {
			isa = PBXGroup;
			children = (
				D6C1D9361DA6B78A00A5FF03 /* Quizz */,
				D6C1D9351DA6B78A00A5FF03 /* Products */,
			);
			sourceTree = "<group>";
		};
		D6C1D9351DA6B78A00A5FF03 /* Products */ = {
			isa = PBXGroup;
			children = (
				D6C1D9341DA6B78A00A5FF03 /* Quizz.app */,
			);
			name = Products;
			sourceTree = "<group>";
		};
		D6C1D9361DA6B78A00A5FF03 /* Quizz */ = {
			isa = PBXGroup;
			children = (
				D6DD53CC1DA78AD200135606 /* Quizz.swift */,
				D6C1D9371DA6B78A00A5FF03 /* AppDelegate.swift */,
				D6C1D9391DA6B78A00A5FF03 /* ViewController.swift */,
				D6C1D93B1DA6B78A00A5FF03 /* Main.storyboard */,
				D6C1D93E1DA6B78A00A5FF03 /* Assets.xcassets */,
				D6C1D9401DA6B78A00A5FF03 /* LaunchScreen.storyboard */,
				D6C1D9431DA6B78A00A5FF03 /* Info.plist */,
			);
			path = Quizz;
			sourceTree = "<group>";
		};
/* End PBXGroup section */

/* Begin PBXNativeTarget section */
		D6C1D9331DA6B78900A5FF03 /* Quizz */ = {
			isa = PBXNativeTarget;
			buildConfigurationList = D6C1D9461DA6B78A00A5FF03 /* Build configuration list for PBXNativeTarget "Quizz" */;
			buildPhases = (
				D6C1D9301DA6B78900A5FF03 /* Sources */,
				D6C1D9311DA6B78900A5FF03 /* Frameworks */,
				D6C1D9321DA6B78900A5FF03 /* Resources */,
			);
			buildRules = (
			);
			dependencies = (
			);
			name = Quizz;
			productName = Quizz;
			productReference = D6C1D9341DA6B78A00A5FF03 /* Quizz.app */;
			productType = "com.apple.product-type.application";
		};
/* End PBXNativeTarget section */

/* Begin PBXProject section */
		D6C1D92C1DA6B78900A5FF03 /* Project object */ = {
			isa = PBXProject;
			attributes = {
				LastSwiftUpdateCheck = 0800;
				LastUpgradeCheck = 0800;
				ORGANIZATIONNAME = UPMC;
				TargetAttributes = {
					D6C1D9331DA6B78900A5FF03 = {
						CreatedOnToolsVersion = 8.0;
						DevelopmentTeam = L99GSY552M;
						ProvisioningStyle = Automatic;
					};
				};
			};
			buildConfigurationList = D6C1D92F1DA6B78900A5FF03 /* Build configuration list for PBXProject "Quizz" */;
			compatibilityVersion = "Xcode 3.2";
			developmentRegion = English;
			hasScannedForEncodings = 0;
			knownRegions = (
				en,
				Base,
			);
			mainGroup = D6C1D92B1DA6B78900A5FF03;
			productRefGroup = D6C1D9351DA6B78A00A5FF03 /* Products */;
			projectDirPath = "";
			projectRoot = "";
			targets = (
				D6C1D9331DA6B78900A5FF03 /* Quizz */,
			);
		};
/* End PBXProject section */

/* Begin PBXResourcesBuildPhase section */
		D6C1D9321DA6B78900A5FF03 /* Resources */ = {
			isa = PBXResourcesBuildPhase;
			buildActionMask = 2147483647;
			files = (
				D6C1D9421DA6B78A00A5FF03 /* LaunchScreen.storyboard in Resources */,
				D6C1D93F1DA6B78A00A5FF03 /* Assets.xcassets in Resources */,
				D6C1D93D1DA6B78A00A5FF03 /* Main.storyboard in Resources */,
			);
			runOnlyForDeploymentPostprocessing = 0;
		};
/* End PBXResourcesBuildPhase section */

/* Begin PBXSourcesBuildPhase section */
		D6C1D9301DA6B78900A5FF03 /* Sources */ = {
			isa = PBXSourcesBuildPhase;
			buildActionMask = 2147483647;
			files = (
				D6C1D93A1DA6B78A00A5FF03 /* ViewController.swift in Sources */,
				D6DD53CD1DA78AD200135606 /* Quizz.swift in Sources */,
				D6C1D9381DA6B78A00A5FF03 /* AppDelegate.swift in Sources */,
			);
			runOnlyForDeploymentPostprocessing = 0;
		};
/* End PBXSourcesBuildPhase section */

/* Begin PBXVariantGroup section */
		D6C1D93B1DA6B78A00A5FF03 /* Main.storyboard */ = {
			isa = PBXVariantGroup;
			children = (
				D6C1D93C1DA6B78A00A5FF03 /* Base */,
			);
			name = Main.storyboard;
			sourceTree = "<group>";
		};
		D6C1D9401DA6B78A00A5FF03 /* LaunchScreen.storyboard */ = {
			isa = PBXVariantGroup;
			children = (
				D6C1D9411DA6B78A00A5FF03 /* Base */,
			);
			name = LaunchScreen.storyboard;
			sourceTree = "<group>";
		};
/* End PBXVariantGroup section */

/* Begin XCBuildConfiguration section */
		D6C1D9441DA6B78A00A5FF03 /* Debug */ = {
			isa = XCBuildConfiguration;
			buildSettings = {
				ALWAYS_SEARCH_USER_PATHS = NO;
				CLANG_ANALYZER_NONNULL = YES;
				CLANG_CXX_LANGUAGE_STANDARD = "gnu++0x";
				CLANG_CXX_LIBRARY = "libc++";
				CLANG_ENABLE_MODULES = YES;
				CLANG_ENABLE_OBJC_ARC = YES;
				CLANG_WARN_BOOL_CONVERSION = YES;
				CLANG_WARN_CONSTANT_CONVERSION = YES;
				CLANG_WARN_DIRECT_OBJC_ISA_USAGE = YES_ERROR;
				CLANG_WARN_DOCUMENTATION_COMMENTS = YES;
				CLANG_WARN_EMPTY_BODY = YES;
				CLANG_WARN_ENUM_CONVERSION = YES;
				CLANG_WARN_INFINITE_RECURSION = YES;
				CLANG_WARN_INT_CONVERSION = YES;
				CLANG_WARN_OBJC_ROOT_CLASS = YES_ERROR;
				CLANG_WARN_SUSPICIOUS_MOVES = YES;
				CLANG_WARN_UNREACHABLE_CODE = YES;
				CLANG_WARN__DUPLICATE_METHOD_MATCH = YES;
				"CODE_SIGN_IDENTITY[sdk=iphoneos*]" = "iPhone Developer";
				COPY_PHASE_STRIP = NO;
				DEBUG_INFORMATION_FORMAT = dwarf;
				ENABLE_STRICT_OBJC_MSGSEND = YES;
				ENABLE_TESTABILITY = YES;
				GCC_C_LANGUAGE_STANDARD = gnu99;
				GCC_DYNAMIC_NO_PIC = NO;
				GCC_NO_COMMON_BLOCKS = YES;
				GCC_OPTIMIZATION_LEVEL = 0;
				GCC_PREPROCESSOR_DEFINITIONS = (
					"DEBUG=1",
					"$(inherited)",
				);
				GCC_WARN_64_TO_32_BIT_CONVERSION = YES;
				GCC_WARN_ABOUT_RETURN_TYPE = YES_ERROR;
				GCC_WARN_UNDECLARED_SELECTOR = YES;
				GCC_WARN_UNINITIALIZED_AUTOS = YES_AGGRESSIVE;
				GCC_WARN_UNUSED_FUNCTION = YES;
				GCC_WARN_UNUSED_VARIABLE = YES;
				IPHONEOS_DEPLOYMENT_TARGET = 10.0;
				MTL_ENABLE_DEBUG_INFO = YES;
				ONLY_ACTIVE_ARCH = YES;
				SDKROOT = iphoneos;
				SWIFT_ACTIVE_COMPILATION_CONDITIONS = DEBUG;
				SWIFT_OPTIMIZATION_LEVEL = "-Onone";
				TARGETED_DEVICE_FAMILY = "1,2";
			};
			name = Debug;
		};
		D6C1D9451DA6B78A00A5FF03 /* Release */ = {
			isa = XCBuildConfiguration;
			buildSettings = {
				ALWAYS_SEARCH_USER_PATHS = NO;
				CLANG_ANALYZER_NONNULL = YES;
				CLANG_CXX_LANGUAGE_STANDARD = "gnu++0x";
				CLANG_CXX_LIBRARY = "libc++";
				CLANG_ENABLE_MODULES = YES;
				CLANG_ENABLE_OBJC_ARC = YES;
				CLANG_WARN_BOOL_CONVERSION = YES;
				CLANG_WARN_CONSTANT_CONVERSION = YES;
				CLANG_WARN_DIRECT_OBJC_ISA_USAGE = YES_ERROR;
				CLANG_WARN_DOCUMENTATION_COMMENTS = YES;
				CLANG_WARN_EMPTY_BODY = YES;
				CLANG_WARN_ENUM_CONVERSION = YES;
				CLANG_WARN_INFINITE_RECURSION = YES;
				CLANG_WARN_INT_CONVERSION = YES;
				CLANG_WARN_OBJC_ROOT_CLASS = YES_ERROR;
				CLANG_WARN_SUSPICIOUS_MOVES = YES;
				CLANG_WARN_UNREACHABLE_CODE = YES;
				CLANG_WARN__DUPLICATE_METHOD_MATCH = YES;
				"CODE_SIGN_IDENTITY[sdk=iphoneos*]" = "iPhone Developer";
				COPY_PHASE_STRIP = NO;
				DEBUG_INFORMATION_FORMAT = "dwarf-with-dsym";
				ENABLE_NS_ASSERTIONS = NO;
				ENABLE_STRICT_OBJC_MSGSEND = YES;
				GCC_C_LANGUAGE_STANDARD = gnu99;
				GCC_NO_COMMON_BLOCKS = YES;
				GCC_WARN_64_TO_32_BIT_CONVERSION = YES;
				GCC_WARN_ABOUT_RETURN_TYPE = YES_ERROR;
				GCC_WARN_UNDECLARED_SELECTOR = YES;
				GCC_WARN_UNINITIALIZED_AUTOS = YES_AGGRESSIVE;
				GCC_WARN_UNUSED_FUNCTION = YES;
				GCC_WARN_UNUSED_VARIABLE = YES;
				IPHONEOS_DEPLOYMENT_TARGET = 10.0;
				MTL_ENABLE_DEBUG_INFO = NO;
				SDKROOT = iphoneos;
				SWIFT_OPTIMIZATION_LEVEL = "-Owholemodule";
				TARGETED_DEVICE_FAMILY = "1,2";
				VALIDATE_PRODUCT = YES;
			};
			name = Release;
		};
		D6C1D9471DA6B78A00A5FF03 /* Debug */ = {
			isa = XCBuildConfiguration;
			buildSettings = {
				ASSETCATALOG_COMPILER_APPICON_NAME = AppIcon;
				DEVELOPMENT_TEAM = L99GSY552M;
				INFOPLIST_FILE = Quizz/Info.plist;
				LD_RUNPATH_SEARCH_PATHS = "$(inherited) @executable_path/Frameworks";
				PRODUCT_BUNDLE_IDENTIFIER = fr.upmc.sar.Quizz;
				PRODUCT_NAME = "$(TARGET_NAME)";
				SWIFT_VERSION = 3.0;
			};
			name = Debug;
		};
		D6C1D9481DA6B78A00A5FF03 /* Release */ = {
			isa = XCBuildConfiguration;
			buildSettings = {
				ASSETCATALOG_COMPILER_APPICON_NAME = AppIcon;
				DEVELOPMENT_TEAM = L99GSY552M;
				INFOPLIST_FILE = Quizz/Info.plist;
				LD_RUNPATH_SEARCH_PATHS = "$(inherited) @executable_path/Frameworks";
				PRODUCT_BUNDLE_IDENTIFIER = fr.upmc.sar.Quizz;
				PRODUCT_NAME = "$(TARGET_NAME)";
				SWIFT_VERSION = 3.0;
			};
			name = Release;
		};
/* End XCBuildConfiguration section */

/* Begin XCConfigurationList section */
		D6C1D92F1DA6B78900A5FF03 /* Build configuration list for PBXProject "Quizz" */ = {
			isa = XCConfigurationList;
			buildConfigurations = (
				D6C1D9441DA6B78A00A5FF03 /* Debug */,
				D6C1D9451DA6B78A00A5FF03 /* Release */,
			);
			defaultConfigurationIsVisible = 0;
			defaultConfigurationName = Release;
		};
		D6C1D9461DA6B78A00A5FF03 /* Build configuration list for PBXNativeTarget "Quizz" */ = {
			isa = XCConfigurationList;
			buildConfigurations = (
				D6C1D9471DA6B78A00A5FF03 /* Debug */,
				D6C1D9481DA6B78A00A5FF03 /* Release */,
			);
			defaultConfigurationIsVisible = 0;
			defaultConfigurationName = Release;
		};
/* End XCConfigurationList section */
	};
	rootObject = D6C1D92C1DA6B78900A5FF03 /* Project object */;
}
