// !$*UTF8*$!
{
	archiveVersion = 1;
	classes = {
	};
	objectVersion = 46;
	objects = {

/* Begin PBXBuildFile section */
		D618617C1D93E77200BF73B2 /* AppDelegate.swift in Sources */ = {isa = PBXBuildFile; fileRef = D618617B1D93E77200BF73B2 /* AppDelegate.swift */; };
		D618617E1D93E77200BF73B2 /* ViewController.swift in Sources */ = {isa = PBXBuildFile; fileRef = D618617D1D93E77200BF73B2 /* ViewController.swift */; };
		D61861811D93E77200BF73B2 /* Main.storyboard in Resources */ = {isa = PBXBuildFile; fileRef = D618617F1D93E77200BF73B2 /* Main.storyboard */; };
		D61861831D93E77200BF73B2 /* Assets.xcassets in Resources */ = {isa = PBXBuildFile; fileRef = D61861821D93E77200BF73B2 /* Assets.xcassets */; };
		D61861861D93E77200BF73B2 /* LaunchScreen.storyboard in Resources */ = {isa = PBXBuildFile; fileRef = D61861841D93E77200BF73B2 /* LaunchScreen.storyboard */; };
/* End PBXBuildFile section */

/* Begin PBXFileReference section */
		D61861781D93E77100BF73B2 /* BonrevoirSwift.app */ = {isa = PBXFileReference; explicitFileType = wrapper.application; includeInIndex = 0; path = BonrevoirSwift.app; sourceTree = BUILT_PRODUCTS_DIR; };
		D618617B1D93E77200BF73B2 /* AppDelegate.swift */ = {isa = PBXFileReference; lastKnownFileType = sourcecode.swift; path = AppDelegate.swift; sourceTree = "<group>"; };
		D618617D1D93E77200BF73B2 /* ViewController.swift */ = {isa = PBXFileReference; lastKnownFileType = sourcecode.swift; path = ViewController.swift; sourceTree = "<group>"; };
		D61861801D93E77200BF73B2 /* Base */ = {isa = PBXFileReference; lastKnownFileType = file.storyboard; name = Base; path = Base.lproj/Main.storyboard; sourceTree = "<group>"; };
		D61861821D93E77200BF73B2 /* Assets.xcassets */ = {isa = PBXFileReference; lastKnownFileType = folder.assetcatalog; path = Assets.xcassets; sourceTree = "<group>"; };
		D61861851D93E77200BF73B2 /* Base */ = {isa = PBXFileReference; lastKnownFileType = file.storyboard; name = Base; path = Base.lproj/LaunchScreen.storyboard; sourceTree = "<group>"; };
		D61861871D93E77200BF73B2 /* Info.plist */ = {isa = PBXFileReference; lastKnownFileType = text.plist.xml; path = Info.plist; sourceTree = "<group>"; };
/* End PBXFileReference section */

/* Begin PBXFrameworksBuildPhase section */
		D61861751D93E77100BF73B2 /* Frameworks */ = {
			isa = PBXFrameworksBuildPhase;
			buildActionMask = 2147483647;
			files = (
			);
			runOnlyForDeploymentPostprocessing = 0;
		};
/* End PBXFrameworksBuildPhase section */

/* Begin PBXGroup section */
		D618616F1D93E77100BF73B2 = {
			isa = PBXGroup;
			children = (
				D618617A1D93E77100BF73B2 /* BonrevoirSwift */,
				D61861791D93E77100BF73B2 /* Products */,
			);
			sourceTree = "<group>";
		};
		D61861791D93E77100BF73B2 /* Products */ = {
			isa = PBXGroup;
			children = (
				D61861781D93E77100BF73B2 /* BonrevoirSwift.app */,
			);
			name = Products;
			sourceTree = "<group>";
		};
		D618617A1D93E77100BF73B2 /* BonrevoirSwift */ = {
			isa = PBXGroup;
			children = (
				D618617B1D93E77200BF73B2 /* AppDelegate.swift */,
				D618617D1D93E77200BF73B2 /* ViewController.swift */,
				D618617F1D93E77200BF73B2 /* Main.storyboard */,
				D61861821D93E77200BF73B2 /* Assets.xcassets */,
				D61861841D93E77200BF73B2 /* LaunchScreen.storyboard */,
				D61861871D93E77200BF73B2 /* Info.plist */,
			);
			path = BonrevoirSwift;
			sourceTree = "<group>";
		};
/* End PBXGroup section */

/* Begin PBXNativeTarget section */
		D61861771D93E77100BF73B2 /* BonrevoirSwift */ = {
			isa = PBXNativeTarget;
			buildConfigurationList = D618618A1D93E77200BF73B2 /* Build configuration list for PBXNativeTarget "BonrevoirSwift" */;
			buildPhases = (
				D61861741D93E77100BF73B2 /* Sources */,
				D61861751D93E77100BF73B2 /* Frameworks */,
				D61861761D93E77100BF73B2 /* Resources */,
			);
			buildRules = (
			);
			dependencies = (
			);
			name = BonrevoirSwift;
			productName = BonrevoirSwift;
			productReference = D61861781D93E77100BF73B2 /* BonrevoirSwift.app */;
			productType = "com.apple.product-type.application";
		};
/* End PBXNativeTarget section */

/* Begin PBXProject section */
		D61861701D93E77100BF73B2 /* Project object */ = {
			isa = PBXProject;
			attributes = {
				LastSwiftUpdateCheck = 0800;
				LastUpgradeCheck = 0800;
				ORGANIZATIONNAME = UPMC;
				TargetAttributes = {
					D61861771D93E77100BF73B2 = {
						CreatedOnToolsVersion = 8.0;
						DevelopmentTeam = L99GSY552M;
						ProvisioningStyle = Automatic;
					};
				};
			};
			buildConfigurationList = D61861731D93E77100BF73B2 /* Build configuration list for PBXProject "BonrevoirSwift" */;
			compatibilityVersion = "Xcode 3.2";
			developmentRegion = English;
			hasScannedForEncodings = 0;
			knownRegions = (
				en,
				Base,
			);
			mainGroup = D618616F1D93E77100BF73B2;
			productRefGroup = D61861791D93E77100BF73B2 /* Products */;
			projectDirPath = "";
			projectRoot = "";
			targets = (
				D61861771D93E77100BF73B2 /* BonrevoirSwift */,
			);
		};
/* End PBXProject section */

/* Begin PBXResourcesBuildPhase section */
		D61861761D93E77100BF73B2 /* Resources */ = {
			isa = PBXResourcesBuildPhase;
			buildActionMask = 2147483647;
			files = (
				D61861861D93E77200BF73B2 /* LaunchScreen.storyboard in Resources */,
				D61861831D93E77200BF73B2 /* Assets.xcassets in Resources */,
				D61861811D93E77200BF73B2 /* Main.storyboard in Resources */,
			);
			runOnlyForDeploymentPostprocessing = 0;
		};
/* End PBXResourcesBuildPhase section */

/* Begin PBXSourcesBuildPhase section */
		D61861741D93E77100BF73B2 /* Sources */ = {
			isa = PBXSourcesBuildPhase;
			buildActionMask = 2147483647;
			files = (
				D618617E1D93E77200BF73B2 /* ViewController.swift in Sources */,
				D618617C1D93E77200BF73B2 /* AppDelegate.swift in Sources */,
			);
			runOnlyForDeploymentPostprocessing = 0;
		};
/* End PBXSourcesBuildPhase section */

/* Begin PBXVariantGroup section */
		D618617F1D93E77200BF73B2 /* Main.storyboard */ = {
			isa = PBXVariantGroup;
			children = (
				D61861801D93E77200BF73B2 /* Base */,
			);
			name = Main.storyboard;
			sourceTree = "<group>";
		};
		D61861841D93E77200BF73B2 /* LaunchScreen.storyboard */ = {
			isa = PBXVariantGroup;
			children = (
				D61861851D93E77200BF73B2 /* Base */,
			);
			name = LaunchScreen.storyboard;
			sourceTree = "<group>";
		};
/* End PBXVariantGroup section */

/* Begin XCBuildConfiguration section */
		D61861881D93E77200BF73B2 /* Debug */ = {
			isa = XCBuildConfiguration;
			buildSettings = {
				ALWAYS_SEARCH_USER_PATHS = NO;
				CLANG_ANALYZER_NONNULL = YES;
				CLANG_CXX_LANGUAGE_STANDARD = "gnu++0x";
				CLANG_CXX_LIBRARY = "libc++";
				CLANG_ENABLE_MODULES = YES;
				CLANG_ENABLE_OBJC_ARC = YES;
				CLANG_WARN_BOOL_CONVERSION = YES;
				CLANG_WARN_CONSTANT_CONVERSION = YES;
				CLANG_WARN_DIRECT_OBJC_ISA_USAGE = YES_ERROR;
				CLANG_WARN_DOCUMENTATION_COMMENTS = YES;
				CLANG_WARN_EMPTY_BODY = YES;
				CLANG_WARN_ENUM_CONVERSION = YES;
				CLANG_WARN_INFINITE_RECURSION = YES;
				CLANG_WARN_INT_CONVERSION = YES;
				CLANG_WARN_OBJC_ROOT_CLASS = YES_ERROR;
				CLANG_WARN_SUSPICIOUS_MOVES = YES;
				CLANG_WARN_UNREACHABLE_CODE = YES;
				CLANG_WARN__DUPLICATE_METHOD_MATCH = YES;
				"CODE_SIGN_IDENTITY[sdk=iphoneos*]" = "iPhone Developer";
				COPY_PHASE_STRIP = NO;
				DEBUG_INFORMATION_FORMAT = dwarf;
				ENABLE_STRICT_OBJC_MSGSEND = YES;
				ENABLE_TESTABILITY = YES;
				GCC_C_LANGUAGE_STANDARD = gnu99;
				GCC_DYNAMIC_NO_PIC = NO;
				GCC_NO_COMMON_BLOCKS = YES;
				GCC_OPTIMIZATION_LEVEL = 0;
				GCC_PREPROCESSOR_DEFINITIONS = (
					"DEBUG=1",
					"$(inherited)",
				);
				GCC_WARN_64_TO_32_BIT_CONVERSION = YES;
				GCC_WARN_ABOUT_RETURN_TYPE = YES_ERROR;
				GCC_WARN_UNDECLARED_SELECTOR = YES;
				GCC_WARN_UNINITIALIZED_AUTOS = YES_AGGRESSIVE;
				GCC_WARN_UNUSED_FUNCTION = YES;
				GCC_WARN_UNUSED_VARIABLE = YES;
				IPHONEOS_DEPLOYMENT_TARGET = 10.0;
				MTL_ENABLE_DEBUG_INFO = YES;
				ONLY_ACTIVE_ARCH = YES;
				SDKROOT = iphoneos;
				SWIFT_ACTIVE_COMPILATION_CONDITIONS = DEBUG;
				SWIFT_OPTIMIZATION_LEVEL = "-Onone";
				TARGETED_DEVICE_FAMILY = "1,2";
			};
			name = Debug;
		};
		D61861891D93E77200BF73B2 /* Release */ = {
			isa = XCBuildConfiguration;
			buildSettings = {
				ALWAYS_SEARCH_USER_PATHS = NO;
				CLANG_ANALYZER_NONNULL = YES;
				CLANG_CXX_LANGUAGE_STANDARD = "gnu++0x";
				CLANG_CXX_LIBRARY = "libc++";
				CLANG_ENABLE_MODULES = YES;
				CLANG_ENABLE_OBJC_ARC = YES;
				CLANG_WARN_BOOL_CONVERSION = YES;
				CLANG_WARN_CONSTANT_CONVERSION = YES;
				CLANG_WARN_DIRECT_OBJC_ISA_USAGE = YES_ERROR;
				CLANG_WARN_DOCUMENTATION_COMMENTS = YES;
				CLANG_WARN_EMPTY_BODY = YES;
				CLANG_WARN_ENUM_CONVERSION = YES;
				CLANG_WARN_INFINITE_RECURSION = YES;
				CLANG_WARN_INT_CONVERSION = YES;
				CLANG_WARN_OBJC_ROOT_CLASS = YES_ERROR;
				CLANG_WARN_SUSPICIOUS_MOVES = YES;
				CLANG_WARN_UNREACHABLE_CODE = YES;
				CLANG_WARN__DUPLICATE_METHOD_MATCH = YES;
				"CODE_SIGN_IDENTITY[sdk=iphoneos*]" = "iPhone Developer";
				COPY_PHASE_STRIP = NO;
				DEBUG_INFORMATION_FORMAT = "dwarf-with-dsym";
				ENABLE_NS_ASSERTIONS = NO;
				ENABLE_STRICT_OBJC_MSGSEND = YES;
				GCC_C_LANGUAGE_STANDARD = gnu99;
				GCC_NO_COMMON_BLOCKS = YES;
				GCC_WARN_64_TO_32_BIT_CONVERSION = YES;
				GCC_WARN_ABOUT_RETURN_TYPE = YES_ERROR;
				GCC_WARN_UNDECLARED_SELECTOR = YES;
				GCC_WARN_UNINITIALIZED_AUTOS = YES_AGGRESSIVE;
				GCC_WARN_UNUSED_FUNCTION = YES;
				GCC_WARN_UNUSED_VARIABLE = YES;
				IPHONEOS_DEPLOYMENT_TARGET = 10.0;
				MTL_ENABLE_DEBUG_INFO = NO;
				SDKROOT = iphoneos;
				SWIFT_OPTIMIZATION_LEVEL = "-Owholemodule";
				TARGETED_DEVICE_FAMILY = "1,2";
				VALIDATE_PRODUCT = YES;
			};
			name = Release;
		};
		D618618B1D93E77200BF73B2 /* Debug */ = {
			isa = XCBuildConfiguration;
			buildSettings = {
				ASSETCATALOG_COMPILER_APPICON_NAME = AppIcon;
				DEVELOPMENT_TEAM = L99GSY552M;
				INFOPLIST_FILE = BonrevoirSwift/Info.plist;
				LD_RUNPATH_SEARCH_PATHS = "$(inherited) @executable_path/Frameworks";
				PRODUCT_BUNDLE_IDENTIFIER = fr.upmc.sar.BonrevoirSwift;
				PRODUCT_NAME = "$(TARGET_NAME)";
				SWIFT_VERSION = 3.0;
			};
			name = Debug;
		};
		D618618C1D93E77200BF73B2 /* Release */ = {
			isa = XCBuildConfiguration;
			buildSettings = {
				ASSETCATALOG_COMPILER_APPICON_NAME = AppIcon;
				DEVELOPMENT_TEAM = L99GSY552M;
				INFOPLIST_FILE = BonrevoirSwift/Info.plist;
				LD_RUNPATH_SEARCH_PATHS = "$(inherited) @executable_path/Frameworks";
				PRODUCT_BUNDLE_IDENTIFIER = fr.upmc.sar.BonrevoirSwift;
				PRODUCT_NAME = "$(TARGET_NAME)";
				SWIFT_VERSION = 3.0;
			};
			name = Release;
		};
/* End XCBuildConfiguration section */

/* Begin XCConfigurationList section */
		D61861731D93E77100BF73B2 /* Build configuration list for PBXProject "BonrevoirSwift" */ = {
			isa = XCConfigurationList;
			buildConfigurations = (
				D61861881D93E77200BF73B2 /* Debug */,
				D61861891D93E77200BF73B2 /* Release */,
			);
			defaultConfigurationIsVisible = 0;
			defaultConfigurationName = Release;
		};
		D618618A1D93E77200BF73B2 /* Build configuration list for PBXNativeTarget "BonrevoirSwift" */ = {
			isa = XCConfigurationList;
			buildConfigurations = (
				D618618B1D93E77200BF73B2 /* Debug */,
				D618618C1D93E77200BF73B2 /* Release */,
			);
			defaultConfigurationIsVisible = 0;
		};
/* End XCConfigurationList section */
	};
	rootObject = D61861701D93E77100BF73B2 /* Project object */;
}
